// !$*UTF8*$!
{
	archiveVersion = 1;
	classes = {
	};
	objectVersion = 48;
	objects = {

/* Begin PBXBuildFile section */
		E60456031F991EDD00D95136 /* AppDelegate.m in Sources */ = {isa = PBXBuildFile; fileRef = E60456021F991EDD00D95136 /* AppDelegate.m */; };
		E60456061F991EDD00D95136 /* ViewController.m in Sources */ = {isa = PBXBuildFile; fileRef = E60456051F991EDD00D95136 /* ViewController.m */; };
		E60456091F991EDD00D95136 /* Main.storyboard in Resources */ = {isa = PBXBuildFile; fileRef = E60456071F991EDD00D95136 /* Main.storyboard */; };
		E604560B1F991EDD00D95136 /* Assets.xcassets in Resources */ = {isa = PBXBuildFile; fileRef = E604560A1F991EDD00D95136 /* Assets.xcassets */; };
		E604560E1F991EDD00D95136 /* LaunchScreen.storyboard in Resources */ = {isa = PBXBuildFile; fileRef = E604560C1F991EDD00D95136 /* LaunchScreen.storyboard */; };
		E60456111F991EDD00D95136 /* main.m in Sources */ = {isa = PBXBuildFile; fileRef = E60456101F991EDD00D95136 /* main.m */; };
		E604561B1F991EDD00D95136 /* Wavy_Collection_ViewTests.m in Sources */ = {isa = PBXBuildFile; fileRef = E604561A1F991EDD00D95136 /* Wavy_Collection_ViewTests.m */; };
		E60456261F991EDD00D95136 /* Wavy_Collection_ViewUITests.m in Sources */ = {isa = PBXBuildFile; fileRef = E60456251F991EDD00D95136 /* Wavy_Collection_ViewUITests.m */; };
/* End PBXBuildFile section */

/* Begin PBXContainerItemProxy section */
		E60456171F991EDD00D95136 /* PBXContainerItemProxy */ = {
			isa = PBXContainerItemProxy;
			containerPortal = E60455F61F991EDD00D95136 /* Project object */;
			proxyType = 1;
			remoteGlobalIDString = E60455FD1F991EDD00D95136;
			remoteInfo = "Wavy Collection View";
		};
		E60456221F991EDD00D95136 /* PBXContainerItemProxy */ = {
			isa = PBXContainerItemProxy;
			containerPortal = E60455F61F991EDD00D95136 /* Project object */;
			proxyType = 1;
			remoteGlobalIDString = E60455FD1F991EDD00D95136;
			remoteInfo = "Wavy Collection View";
		};
/* End PBXContainerItemProxy section */

/* Begin PBXFileReference section */
		E60455FE1F991EDD00D95136 /* Wavy Collection View.app */ = {isa = PBXFileReference; explicitFileType = wrapper.application; includeInIndex = 0; path = "Wavy Collection View.app"; sourceTree = BUILT_PRODUCTS_DIR; };
		E60456011F991EDD00D95136 /* AppDelegate.h */ = {isa = PBXFileReference; lastKnownFileType = sourcecode.c.h; path = AppDelegate.h; sourceTree = "<group>"; };
		E60456021F991EDD00D95136 /* AppDelegate.m */ = {isa = PBXFileReference; lastKnownFileType = sourcecode.c.objc; path = AppDelegate.m; sourceTree = "<group>"; };
		E60456041F991EDD00D95136 /* ViewController.h */ = {isa = PBXFileReference; lastKnownFileType = sourcecode.c.h; path = ViewController.h; sourceTree = "<group>"; };
		E60456051F991EDD00D95136 /* ViewController.m */ = {isa = PBXFileReference; lastKnownFileType = sourcecode.c.objc; path = ViewController.m; sourceTree = "<group>"; };
		E60456081F991EDD00D95136 /* Base */ = {isa = PBXFileReference; lastKnownFileType = file.storyboard; name = Base; path = Base.lproj/Main.storyboard; sourceTree = "<group>"; };
		E604560A1F991EDD00D95136 /* Assets.xcassets */ = {isa = PBXFileReference; lastKnownFileType = folder.assetcatalog; path = Assets.xcassets; sourceTree = "<group>"; };
		E604560D1F991EDD00D95136 /* Base */ = {isa = PBXFileReference; lastKnownFileType = file.storyboard; name = Base; path = Base.lproj/LaunchScreen.storyboard; sourceTree = "<group>"; };
		E604560F1F991EDD00D95136 /* Info.plist */ = {isa = PBXFileReference; lastKnownFileType = text.plist.xml; path = Info.plist; sourceTree = "<group>"; };
		E60456101F991EDD00D95136 /* main.m */ = {isa = PBXFileReference; lastKnownFileType = sourcecode.c.objc; path = main.m; sourceTree = "<group>"; };
		E60456161F991EDD00D95136 /* Wavy Collection ViewTests.xctest */ = {isa = PBXFileReference; explicitFileType = wrapper.cfbundle; includeInIndex = 0; path = "Wavy Collection ViewTests.xctest"; sourceTree = BUILT_PRODUCTS_DIR; };
		E604561A1F991EDD00D95136 /* Wavy_Collection_ViewTests.m */ = {isa = PBXFileReference; lastKnownFileType = sourcecode.c.objc; path = Wavy_Collection_ViewTests.m; sourceTree = "<group>"; };
		E604561C1F991EDD00D95136 /* Info.plist */ = {isa = PBXFileReference; lastKnownFileType = text.plist.xml; path = Info.plist; sourceTree = "<group>"; };
		E60456211F991EDD00D95136 /* Wavy Collection ViewUITests.xctest */ = {isa = PBXFileReference; explicitFileType = wrapper.cfbundle; includeInIndex = 0; path = "Wavy Collection ViewUITests.xctest"; sourceTree = BUILT_PRODUCTS_DIR; };
		E60456251F991EDD00D95136 /* Wavy_Collection_ViewUITests.m */ = {isa = PBXFileReference; lastKnownFileType = sourcecode.c.objc; path = Wavy_Collection_ViewUITests.m; sourceTree = "<group>"; };
		E60456271F991EDD00D95136 /* Info.plist */ = {isa = PBXFileReference; lastKnownFileType = text.plist.xml; path = Info.plist; sourceTree = "<group>"; };
/* End PBXFileReference section */

/* Begin PBXFrameworksBuildPhase section */
		E60455FB1F991EDD00D95136 /* Frameworks */ = {
			isa = PBXFrameworksBuildPhase;
			buildActionMask = 2147483647;
			files = (
			);
			runOnlyForDeploymentPostprocessing = 0;
		};
		E60456131F991EDD00D95136 /* Frameworks */ = {
			isa = PBXFrameworksBuildPhase;
			buildActionMask = 2147483647;
			files = (
			);
			runOnlyForDeploymentPostprocessing = 0;
		};
		E604561E1F991EDD00D95136 /* Frameworks */ = {
			isa = PBXFrameworksBuildPhase;
			buildActionMask = 2147483647;
			files = (
			);
			runOnlyForDeploymentPostprocessing = 0;
		};
/* End PBXFrameworksBuildPhase section */

/* Begin PBXGroup section */
		E60455F51F991EDD00D95136 = {
			isa = PBXGroup;
			children = (
				E60456001F991EDD00D95136 /* Wavy Collection View */,
				E60456191F991EDD00D95136 /* Wavy Collection ViewTests */,
				E60456241F991EDD00D95136 /* Wavy Collection ViewUITests */,
				E60455FF1F991EDD00D95136 /* Products */,
			);
			sourceTree = "<group>";
		};
		E60455FF1F991EDD00D95136 /* Products */ = {
			isa = PBXGroup;
			children = (
				E60455FE1F991EDD00D95136 /* Wavy Collection View.app */,
				E60456161F991EDD00D95136 /* Wavy Collection ViewTests.xctest */,
				E60456211F991EDD00D95136 /* Wavy Collection ViewUITests.xctest */,
			);
			name = Products;
			sourceTree = "<group>";
		};
		E60456001F991EDD00D95136 /* Wavy Collection View */ = {
			isa = PBXGroup;
			children = (
				E60456011F991EDD00D95136 /* AppDelegate.h */,
				E60456021F991EDD00D95136 /* AppDelegate.m */,
				E60456041F991EDD00D95136 /* ViewController.h */,
				E60456051F991EDD00D95136 /* ViewController.m */,
				E60456071F991EDD00D95136 /* Main.storyboard */,
				E604560A1F991EDD00D95136 /* Assets.xcassets */,
				E604560C1F991EDD00D95136 /* LaunchScreen.storyboard */,
				E604560F1F991EDD00D95136 /* Info.plist */,
				E60456101F991EDD00D95136 /* main.m */,
			);
			path = "Wavy Collection View";
			sourceTree = "<group>";
		};
		E60456191F991EDD00D95136 /* Wavy Collection ViewTests */ = {
			isa = PBXGroup;
			children = (
				E604561A1F991EDD00D95136 /* Wavy_Collection_ViewTests.m */,
				E604561C1F991EDD00D95136 /* Info.plist */,
			);
			path = "Wavy Collection ViewTests";
			sourceTree = "<group>";
		};
		E60456241F991EDD00D95136 /* Wavy Collection ViewUITests */ = {
			isa = PBXGroup;
			children = (
				E60456251F991EDD00D95136 /* Wavy_Collection_ViewUITests.m */,
				E60456271F991EDD00D95136 /* Info.plist */,
			);
			path = "Wavy Collection ViewUITests";
			sourceTree = "<group>";
		};
/* End PBXGroup section */

/* Begin PBXNativeTarget section */
		E60455FD1F991EDD00D95136 /* Wavy Collection View */ = {
			isa = PBXNativeTarget;
			buildConfigurationList = E604562A1F991EDD00D95136 /* Build configuration list for PBXNativeTarget "Wavy Collection View" */;
			buildPhases = (
				E60455FA1F991EDD00D95136 /* Sources */,
				E60455FB1F991EDD00D95136 /* Frameworks */,
				E60455FC1F991EDD00D95136 /* Resources */,
			);
			buildRules = (
			);
			dependencies = (
			);
			name = "Wavy Collection View";
			productName = "Wavy Collection View";
			productReference = E60455FE1F991EDD00D95136 /* Wavy Collection View.app */;
			productType = "com.apple.product-type.application";
		};
		E60456151F991EDD00D95136 /* Wavy Collection ViewTests */ = {
			isa = PBXNativeTarget;
			buildConfigurationList = E604562D1F991EDD00D95136 /* Build configuration list for PBXNativeTarget "Wavy Collection ViewTests" */;
			buildPhases = (
				E60456121F991EDD00D95136 /* Sources */,
				E60456131F991EDD00D95136 /* Frameworks */,
				E60456141F991EDD00D95136 /* Resources */,
			);
			buildRules = (
			);
			dependencies = (
				E60456181F991EDD00D95136 /* PBXTargetDependency */,
			);
			name = "Wavy Collection ViewTests";
			productName = "Wavy Collection ViewTests";
			productReference = E60456161F991EDD00D95136 /* Wavy Collection ViewTests.xctest */;
			productType = "com.apple.product-type.bundle.unit-test";
		};
		E60456201F991EDD00D95136 /* Wavy Collection ViewUITests */ = {
			isa = PBXNativeTarget;
			buildConfigurationList = E60456301F991EDD00D95136 /* Build configuration list for PBXNativeTarget "Wavy Collection ViewUITests" */;
			buildPhases = (
				E604561D1F991EDD00D95136 /* Sources */,
				E604561E1F991EDD00D95136 /* Frameworks */,
				E604561F1F991EDD00D95136 /* Resources */,
			);
			buildRules = (
			);
			dependencies = (
				E60456231F991EDD00D95136 /* PBXTargetDependency */,
			);
			name = "Wavy Collection ViewUITests";
			productName = "Wavy Collection ViewUITests";
			productReference = E60456211F991EDD00D95136 /* Wavy Collection ViewUITests.xctest */;
			productType = "com.apple.product-type.bundle.ui-testing";
		};
/* End PBXNativeTarget section */

/* Begin PBXProject section */
		E60455F61F991EDD00D95136 /* Project object */ = {
			isa = PBXProject;
			attributes = {
				LastUpgradeCheck = 0900;
				ORGANIZATIONNAME = "Carlo Namoca";
				TargetAttributes = {
					E60455FD1F991EDD00D95136 = {
						CreatedOnToolsVersion = 9.0;
						ProvisioningStyle = Automatic;
					};
					E60456151F991EDD00D95136 = {
						CreatedOnToolsVersion = 9.0;
						ProvisioningStyle = Automatic;
						TestTargetID = E60455FD1F991EDD00D95136;
					};
					E60456201F991EDD00D95136 = {
						CreatedOnToolsVersion = 9.0;
						ProvisioningStyle = Automatic;
						TestTargetID = E60455FD1F991EDD00D95136;
					};
				};
			};
			buildConfigurationList = E60455F91F991EDD00D95136 /* Build configuration list for PBXProject "Wavy Collection View" */;
			compatibilityVersion = "Xcode 8.0";
			developmentRegion = en;
			hasScannedForEncodings = 0;
			knownRegions = (
				en,
				Base,
			);
			mainGroup = E60455F51F991EDD00D95136;
			productRefGroup = E60455FF1F991EDD00D95136 /* Products */;
			projectDirPath = "";
			projectRoot = "";
			targets = (
				E60455FD1F991EDD00D95136 /* Wavy Collection View */,
				E60456151F991EDD00D95136 /* Wavy Collection ViewTests */,
				E60456201F991EDD00D95136 /* Wavy Collection ViewUITests */,
			);
		};
/* End PBXProject section */

/* Begin PBXResourcesBuildPhase section */
		E60455FC1F991EDD00D95136 /* Resources */ = {
			isa = PBXResourcesBuildPhase;
			buildActionMask = 2147483647;
			files = (
				E604560E1F991EDD00D95136 /* LaunchScreen.storyboard in Resources */,
				E604560B1F991EDD00D95136 /* Assets.xcassets in Resources */,
				E60456091F991EDD00D95136 /* Main.storyboard in Resources */,
			);
			runOnlyForDeploymentPostprocessing = 0;
		};
		E60456141F991EDD00D95136 /* Resources */ = {
			isa = PBXResourcesBuildPhase;
			buildActionMask = 2147483647;
			files = (
			);
			runOnlyForDeploymentPostprocessing = 0;
		};
		E604561F1F991EDD00D95136 /* Resources */ = {
			isa = PBXResourcesBuildPhase;
			buildActionMask = 2147483647;
			files = (
			);
			runOnlyForDeploymentPostprocessing = 0;
		};
/* End PBXResourcesBuildPhase section */

/* Begin PBXSourcesBuildPhase section */
		E60455FA1F991EDD00D95136 /* Sources */ = {
			isa = PBXSourcesBuildPhase;
			buildActionMask = 2147483647;
			files = (
				E60456061F991EDD00D95136 /* ViewController.m in Sources */,
				E60456111F991EDD00D95136 /* main.m in Sources */,
				E60456031F991EDD00D95136 /* AppDelegate.m in Sources */,
			);
			runOnlyForDeploymentPostprocessing = 0;
		};
		E60456121F991EDD00D95136 /* Sources */ = {
			isa = PBXSourcesBuildPhase;
			buildActionMask = 2147483647;
			files = (
				E604561B1F991EDD00D95136 /* Wavy_Collection_ViewTests.m in Sources */,
			);
			runOnlyForDeploymentPostprocessing = 0;
		};
		E604561D1F991EDD00D95136 /* Sources */ = {
			isa = PBXSourcesBuildPhase;
			buildActionMask = 2147483647;
			files = (
				E60456261F991EDD00D95136 /* Wavy_Collection_ViewUITests.m in Sources */,
			);
			runOnlyForDeploymentPostprocessing = 0;
		};
/* End PBXSourcesBuildPhase section */

/* Begin PBXTargetDependency section */
		E60456181F991EDD00D95136 /* PBXTargetDependency */ = {
			isa = PBXTargetDependency;
			target = E60455FD1F991EDD00D95136 /* Wavy Collection View */;
			targetProxy = E60456171F991EDD00D95136 /* PBXContainerItemProxy */;
		};
		E60456231F991EDD00D95136 /* PBXTargetDependency */ = {
			isa = PBXTargetDependency;
			target = E60455FD1F991EDD00D95136 /* Wavy Collection View */;
			targetProxy = E60456221F991EDD00D95136 /* PBXContainerItemProxy */;
		};
/* End PBXTargetDependency section */

/* Begin PBXVariantGroup section */
		E60456071F991EDD00D95136 /* Main.storyboard */ = {
			isa = PBXVariantGroup;
			children = (
				E60456081F991EDD00D95136 /* Base */,
			);
			name = Main.storyboard;
			sourceTree = "<group>";
		};
		E604560C1F991EDD00D95136 /* LaunchScreen.storyboard */ = {
			isa = PBXVariantGroup;
			children = (
				E604560D1F991EDD00D95136 /* Base */,
			);
			name = LaunchScreen.storyboard;
			sourceTree = "<group>";
		};
/* End PBXVariantGroup section */

/* Begin XCBuildConfiguration section */
		E60456281F991EDD00D95136 /* Debug */ = {
			isa = XCBuildConfiguration;
			buildSettings = {
				ALWAYS_SEARCH_USER_PATHS = NO;
				CLANG_ANALYZER_NONNULL = YES;
				CLANG_ANALYZER_NUMBER_OBJECT_CONVERSION = YES_AGGRESSIVE;
				CLANG_CXX_LANGUAGE_STANDARD = "gnu++14";
				CLANG_CXX_LIBRARY = "libc++";
				CLANG_ENABLE_MODULES = YES;
				CLANG_ENABLE_OBJC_ARC = YES;
				CLANG_WARN_BLOCK_CAPTURE_AUTORELEASING = YES;
				CLANG_WARN_BOOL_CONVERSION = YES;
				CLANG_WARN_COMMA = YES;
				CLANG_WARN_CONSTANT_CONVERSION = YES;
				CLANG_WARN_DIRECT_OBJC_ISA_USAGE = YES_ERROR;
				CLANG_WARN_DOCUMENTATION_COMMENTS = YES;
				CLANG_WARN_EMPTY_BODY = YES;
				CLANG_WARN_ENUM_CONVERSION = YES;
				CLANG_WARN_INFINITE_RECURSION = YES;
				CLANG_WARN_INT_CONVERSION = YES;
				CLANG_WARN_NON_LITERAL_NULL_CONVERSION = YES;
				CLANG_WARN_OBJC_LITERAL_CONVERSION = YES;
				CLANG_WARN_OBJC_ROOT_CLASS = YES_ERROR;
				CLANG_WARN_RANGE_LOOP_ANALYSIS = YES;
				CLANG_WARN_STRICT_PROTOTYPES = YES;
				CLANG_WARN_SUSPICIOUS_MOVE = YES;
				CLANG_WARN_UNGUARDED_AVAILABILITY = YES_AGGRESSIVE;
				CLANG_WARN_UNREACHABLE_CODE = YES;
				CLANG_WARN__DUPLICATE_METHOD_MATCH = YES;
				CODE_SIGN_IDENTITY = "iPhone Developer";
				COPY_PHASE_STRIP = NO;
				DEBUG_INFORMATION_FORMAT = dwarf;
				ENABLE_STRICT_OBJC_MSGSEND = YES;
				ENABLE_TESTABILITY = YES;
				GCC_C_LANGUAGE_STANDARD = gnu11;
				GCC_DYNAMIC_NO_PIC = NO;
				GCC_NO_COMMON_BLOCKS = YES;
				GCC_OPTIMIZATION_LEVEL = 0;
				GCC_PREPROCESSOR_DEFINITIONS = (
					"DEBUG=1",
					"$(inherited)",
				);
				GCC_WARN_64_TO_32_BIT_CONVERSION = YES;
				GCC_WARN_ABOUT_RETURN_TYPE = YES_ERROR;
				GCC_WARN_UNDECLARED_SELECTOR = YES;
				GCC_WARN_UNINITIALIZED_AUTOS = YES_AGGRESSIVE;
				GCC_WARN_UNUSED_FUNCTION = YES;
				GCC_WARN_UNUSED_VARIABLE = YES;
				IPHONEOS_DEPLOYMENT_TARGET = 11.0;
				MTL_ENABLE_DEBUG_INFO = YES;
				ONLY_ACTIVE_ARCH = YES;
				SDKROOT = iphoneos;
			};
			name = Debug;
		};
		E60456291F991EDD00D95136 /* Release */ = {
			isa = XCBuildConfiguration;
			buildSettings = {
				ALWAYS_SEARCH_USER_PATHS = NO;
				CLANG_ANALYZER_NONNULL = YES;
				CLANG_ANALYZER_NUMBER_OBJECT_CONVERSION = YES_AGGRESSIVE;
				CLANG_CXX_LANGUAGE_STANDARD = "gnu++14";
				CLANG_CXX_LIBRARY = "libc++";
				CLANG_ENABLE_MODULES = YES;
				CLANG_ENABLE_OBJC_ARC = YES;
				CLANG_WARN_BLOCK_CAPTURE_AUTORELEASING = YES;
				CLANG_WARN_BOOL_CONVERSION = YES;
				CLANG_WARN_COMMA = YES;
				CLANG_WARN_CONSTANT_CONVERSION = YES;
				CLANG_WARN_DIRECT_OBJC_ISA_USAGE = YES_ERROR;
				CLANG_WARN_DOCUMENTATION_COMMENTS = YES;
				CLANG_WARN_EMPTY_BODY = YES;
				CLANG_WARN_ENUM_CONVERSION = YES;
				CLANG_WARN_INFINITE_RECURSION = YES;
				CLANG_WARN_INT_CONVERSION = YES;
				CLANG_WARN_NON_LITERAL_NULL_CONVERSION = YES;
				CLANG_WARN_OBJC_LITERAL_CONVERSION = YES;
				CLANG_WARN_OBJC_ROOT_CLASS = YES_ERROR;
				CLANG_WARN_RANGE_LOOP_ANALYSIS = YES;
				CLANG_WARN_STRICT_PROTOTYPES = YES;
				CLANG_WARN_SUSPICIOUS_MOVE = YES;
				CLANG_WARN_UNGUARDED_AVAILABILITY = YES_AGGRESSIVE;
				CLANG_WARN_UNREACHABLE_CODE = YES;
				CLANG_WARN__DUPLICATE_METHOD_MATCH = YES;
				CODE_SIGN_IDENTITY = "iPhone Developer";
				COPY_PHASE_STRIP = NO;
				DEBUG_INFORMATION_FORMAT = "dwarf-with-dsym";
				ENABLE_NS_ASSERTIONS = NO;
				ENABLE_STRICT_OBJC_MSGSEND = YES;
				GCC_C_LANGUAGE_STANDARD = gnu11;
				GCC_NO_COMMON_BLOCKS = YES;
				GCC_WARN_64_TO_32_BIT_CONVERSION = YES;
				GCC_WARN_ABOUT_RETURN_TYPE = YES_ERROR;
				GCC_WARN_UNDECLARED_SELECTOR = YES;
				GCC_WARN_UNINITIALIZED_AUTOS = YES_AGGRESSIVE;
				GCC_WARN_UNUSED_FUNCTION = YES;
				GCC_WARN_UNUSED_VARIABLE = YES;
				IPHONEOS_DEPLOYMENT_TARGET = 11.0;
				MTL_ENABLE_DEBUG_INFO = NO;
				SDKROOT = iphoneos;
				VALIDATE_PRODUCT = YES;
			};
			name = Release;
		};
		E604562B1F991EDD00D95136 /* Debug */ = {
			isa = XCBuildConfiguration;
			buildSettings = {
				ASSETCATALOG_COMPILER_APPICON_NAME = AppIcon;
				CODE_SIGN_STYLE = Automatic;
				INFOPLIST_FILE = "Wavy Collection View/Info.plist";
				LD_RUNPATH_SEARCH_PATHS = "$(inherited) @executable_path/Frameworks";
				PRODUCT_BUNDLE_IDENTIFIER = "carlonamoca.Wavy-Collection-View";
				PRODUCT_NAME = "$(TARGET_NAME)";
				TARGETED_DEVICE_FAMILY = "1,2";
			};
			name = Debug;
		};
		E604562C1F991EDD00D95136 /* Release */ = {
			isa = XCBuildConfiguration;
			buildSettings = {
				ASSETCATALOG_COMPILER_APPICON_NAME = AppIcon;
				CODE_SIGN_STYLE = Automatic;
				INFOPLIST_FILE = "Wavy Collection View/Info.plist";
				LD_RUNPATH_SEARCH_PATHS = "$(inherited) @executable_path/Frameworks";
				PRODUCT_BUNDLE_IDENTIFIER = "carlonamoca.Wavy-Collection-View";
				PRODUCT_NAME = "$(TARGET_NAME)";
				TARGETED_DEVICE_FAMILY = "1,2";
			};
			name = Release;
		};
		E604562E1F991EDD00D95136 /* Debug */ = {
			isa = XCBuildConfiguration;
			buildSettings = {
				BUNDLE_LOADER = "$(TEST_HOST)";
				CODE_SIGN_STYLE = Automatic;
				INFOPLIST_FILE = "Wavy Collection ViewTests/Info.plist";
				LD_RUNPATH_SEARCH_PATHS = "$(inherited) @executable_path/Frameworks @loader_path/Frameworks";
				PRODUCT_BUNDLE_IDENTIFIER = "carlonamoca.Wavy-Collection-ViewTests";
				PRODUCT_NAME = "$(TARGET_NAME)";
				TARGETED_DEVICE_FAMILY = "1,2";
				TEST_HOST = "$(BUILT_PRODUCTS_DIR)/Wavy Collection View.app/Wavy Collection View";
			};
			name = Debug;
		};
		E604562F1F991EDD00D95136 /* Release */ = {
			isa = XCBuildConfiguration;
			buildSettings = {
				BUNDLE_LOADER = "$(TEST_HOST)";
				CODE_SIGN_STYLE = Automatic;
				INFOPLIST_FILE = "Wavy Collection ViewTests/Info.plist";
				LD_RUNPATH_SEARCH_PATHS = "$(inherited) @executable_path/Frameworks @loader_path/Frameworks";
				PRODUCT_BUNDLE_IDENTIFIER = "carlonamoca.Wavy-Collection-ViewTests";
				PRODUCT_NAME = "$(TARGET_NAME)";
				TARGETED_DEVICE_FAMILY = "1,2";
				TEST_HOST = "$(BUILT_PRODUCTS_DIR)/Wavy Collection View.app/Wavy Collection View";
			};
			name = Release;
		};
		E60456311F991EDD00D95136 /* Debug */ = {
			isa = XCBuildConfiguration;
			buildSettings = {
				CODE_SIGN_STYLE = Automatic;
				INFOPLIST_FILE = "Wavy Collection ViewUITests/Info.plist";
				LD_RUNPATH_SEARCH_PATHS = "$(inherited) @executable_path/Frameworks @loader_path/Frameworks";
				PRODUCT_BUNDLE_IDENTIFIER = "carlonamoca.Wavy-Collection-ViewUITests";
				PRODUCT_NAME = "$(TARGET_NAME)";
				TARGETED_DEVICE_FAMILY = "1,2";
				TEST_TARGET_NAME = "Wavy Collection View";
			};
			name = Debug;
		};
		E60456321F991EDD00D95136 /* Release */ = {
			isa = XCBuildConfiguration;
			buildSettings = {
				CODE_SIGN_STYLE = Automatic;
				INFOPLIST_FILE = "Wavy Collection ViewUITests/Info.plist";
				LD_RUNPATH_SEARCH_PATHS = "$(inherited) @executable_path/Frameworks @loader_path/Frameworks";
				PRODUCT_BUNDLE_IDENTIFIER = "carlonamoca.Wavy-Collection-ViewUITests";
				PRODUCT_NAME = "$(TARGET_NAME)";
				TARGETED_DEVICE_FAMILY = "1,2";
				TEST_TARGET_NAME = "Wavy Collection View";
			};
			name = Release;
		};
/* End XCBuildConfiguration section */

/* Begin XCConfigurationList section */
		E60455F91F991EDD00D95136 /* Build configuration list for PBXProject "Wavy Collection View" */ = {
			isa = XCConfigurationList;
			buildConfigurations = (
				E60456281F991EDD00D95136 /* Debug */,
				E60456291F991EDD00D95136 /* Release */,
			);
			defaultConfigurationIsVisible = 0;
			defaultConfigurationName = Release;
		};
		E604562A1F991EDD00D95136 /* Build configuration list for PBXNativeTarget "Wavy Collection View" */ = {
			isa = XCConfigurationList;
			buildConfigurations = (
				E604562B1F991EDD00D95136 /* Debug */,
				E604562C1F991EDD00D95136 /* Release */,
			);
			defaultConfigurationIsVisible = 0;
			defaultConfigurationName = Release;
		};
		E604562D1F991EDD00D95136 /* Build configuration list for PBXNativeTarget "Wavy Collection ViewTests" */ = {
			isa = XCConfigurationList;
			buildConfigurations = (
				E604562E1F991EDD00D95136 /* Debug */,
				E604562F1F991EDD00D95136 /* Release */,
			);
			defaultConfigurationIsVisible = 0;
			defaultConfigurationName = Release;
		};
		E60456301F991EDD00D95136 /* Build configuration list for PBXNativeTarget "Wavy Collection ViewUITests" */ = {
			isa = XCConfigurationList;
			buildConfigurations = (
				E60456311F991EDD00D95136 /* Debug */,
				E60456321F991EDD00D95136 /* Release */,
			);
			defaultConfigurationIsVisible = 0;
			defaultConfigurationName = Release;
		};
/* End XCConfigurationList section */
	};
	rootObject = E60455F61F991EDD00D95136 /* Project object */;
}
